
Microsoft Visual Studio Solution File, Format Version 12.00
# Visual Studio 15
VisualStudioVersion = 15.0.28307.1145
MinimumVisualStudioVersion = 10.0.40219.1
Project("{FAE04EC0-301F-11D3-BF4B-00C04F79EFBC}") = "TeorInf5_LZ", "TeorInf5_LZ\TeorInf5_LZ.csproj", "{A548C90B-E483-40A6-BC2A-54FA6B37861B}"
EndProject
Global
	GlobalSection(SolutionConfigurationPlatforms) = preSolution
		Debug|Any CPU = Debug|Any CPU
		Release|Any CPU = Release|Any CPU
	EndGlobalSection
	GlobalSection(ProjectConfigurationPlatforms) = postSolution
		{A548C90B-E483-40A6-BC2A-54FA6B37861B}.Debug|Any CPU.ActiveCfg = Debug|Any CPU
		{A548C90B-E483-40A6-BC2A-54FA6B37861B}.Debug|Any CPU.Build.0 = Debug|Any CPU
		{A548C90B-E483-40A6-BC2A-54FA6B37861B}.Release|Any CPU.ActiveCfg = Release|Any CPU
		{A548C90B-E483-40A6-BC2A-54FA6B37861B}.Release|Any CPU.Build.0 = Release|Any CPU
	EndGlobalSection
	GlobalSection(SolutionProperties) = preSolution
		HideSolutionNode = FALSE
	EndGlobalSection
	GlobalSection(ExtensibilityGlobals) = postSolution
		SolutionGuid = {E4BABD66-F29A-4E71-A6DB-6F7A8E6BA284}
	EndGlobalSection
EndGlobal
